
Microsoft Visual Studio Solution File, Format Version 12.00
# Visual Studio Version 17
VisualStudioVersion = 17.10.35122.118
MinimumVisualStudioVersion = 10.0.40219.1
Project("{C9674DCB-5085-4A16-B785-4C70DD1589BD}") = "Lab1", "Lab1\Lab1.dtproj", "{0323F362-04E0-4134-992C-2026586AA1F4}"
EndProject
Global
	GlobalSection(SolutionConfigurationPlatforms) = preSolution
		Development|Default = Development|Default
	EndGlobalSection
	GlobalSection(ProjectConfigurationPlatforms) = postSolution
		{0323F362-04E0-4134-992C-2026586AA1F4}.Development|Default.ActiveCfg = Development
		{0323F362-04E0-4134-992C-2026586AA1F4}.Development|Default.Build.0 = Development
	EndGlobalSection
	GlobalSection(SolutionProperties) = preSolution
		HideSolutionNode = FALSE
	EndGlobalSection
	GlobalSection(ExtensibilityGlobals) = postSolution
		SolutionGuid = {41A3879A-8815-49B8-814F-69EF3719C9DA}
	EndGlobalSection
EndGlobal
